# This file is @generated by PDM.
# It is not intended for manual editing.

[[package]]
name = "mypy"
version = "1.1.1"
requires_python = ">=3.7"
summary = "Optional static typing for Python"
dependencies = [
    "mypy-extensions>=1.0.0",
    "tomli>=1.1.0; python_version < \"3.11\"",
    "typing-extensions>=3.10",
]

[[package]]
name = "mypy-extensions"
version = "1.0.0"
requires_python = ">=3.5"
summary = "Type system extensions for programs checked with the mypy type checker."

[[package]]
name = "pyside6"
version = "6.5.0"
requires_python = "<3.12,>=3.7"
summary = "Python bindings for the Qt cross-platform application and UI framework"
dependencies = [
    "PySide6-Addons==6.5.0",
    "PySide6-Essentials==6.5.0",
    "shiboken6==6.5.0",
]

[[package]]
name = "pyside6-addons"
version = "6.5.0"
requires_python = "<3.12,>=3.7"
summary = "Python bindings for the Qt cross-platform application and UI framework (Addons)"
dependencies = [
    "PySide6-Essentials==6.5.0",
    "shiboken6==6.5.0",
]

[[package]]
name = "pyside6-essentials"
version = "6.5.0"
requires_python = "<3.12,>=3.7"
summary = "Python bindings for the Qt cross-platform application and UI framework (Essentials)"
dependencies = [
    "shiboken6==6.5.0",
]

[[package]]
name = "ruff"
version = "0.0.260"
requires_python = ">=3.7"
summary = "An extremely fast Python linter, written in Rust."

[[package]]
name = "shiboken6"
version = "6.5.0"
requires_python = "<3.12,>=3.7"
summary = "Python/C++ bindings helper module"

[[package]]
name = "tomli"
version = "2.0.1"
requires_python = ">=3.7"
summary = "A lil' TOML parser"

[[package]]
name = "typing-extensions"
version = "4.5.0"
requires_python = ">=3.7"
summary = "Backported and Experimental Type Hints for Python 3.7+"

[metadata]
lock_version = "4.1"
content_hash = "sha256:914a1a3b07b6066151e633ca5d7ba288f43964c58100a2747df4d5af8ffc9dde"

[metadata.files]
"mypy 1.1.1" = [
    {url = "https://files.pythonhosted.org/packages/2a/28/8485aad67750b3374443d28bad3eed947737cf425a640ea4be4ac70a7827/mypy-1.1.1-cp38-cp38-manylinux_2_17_x86_64.manylinux2014_x86_64.whl", hash = "sha256:ce61663faf7a8e5ec6f456857bfbcec2901fbdb3ad958b778403f63b9e606a1b"},
    {url = "https://files.pythonhosted.org/packages/30/da/808ceaf2bcf23a9e90156c7b11b41add8dd5a009ee48159ec820d04d97bd/mypy-1.1.1-cp39-cp39-manylinux_2_17_x86_64.manylinux2014_x86_64.whl", hash = "sha256:9401e33814cec6aec8c03a9548e9385e0e228fc1b8b0a37b9ea21038e64cdd8a"},
    {url = "https://files.pythonhosted.org/packages/44/9d/d23fa5d12bacbe7beea5fb6315b3325beabbe438e7e14d38c82b71609818/mypy-1.1.1-cp310-cp310-macosx_10_9_x86_64.whl", hash = "sha256:39c7119335be05630611ee798cc982623b9e8f0cff04a0b48dfc26100e0b97af"},
    {url = "https://files.pythonhosted.org/packages/47/9f/34f6a2254f7d39b8c4349b8ac480c233d37c377faf2c67c6ef925b3af0ab/mypy-1.1.1-cp39-cp39-macosx_11_0_arm64.whl", hash = "sha256:59bbd71e5c58eed2e992ce6523180e03c221dcd92b52f0e792f291d67b15a71c"},
    {url = "https://files.pythonhosted.org/packages/61/99/4a844dcacbc4990a8312236bf74a55910ee9a05db69dee7d6fb7a7ffe6c2/mypy-1.1.1-cp310-cp310-manylinux_2_17_x86_64.manylinux2014_x86_64.whl", hash = "sha256:dbb19c9f662e41e474e0cff502b7064a7edc6764f5262b6cd91d698163196799"},
    {url = "https://files.pythonhosted.org/packages/62/54/be80f8d01f5cf72f774a77f9f750527a6fa733f09f78b1da30e8fa3914e6/mypy-1.1.1.tar.gz", hash = "sha256:ae9ceae0f5b9059f33dbc62dea087e942c0ccab4b7a003719cb70f9b8abfa32f"},
    {url = "https://files.pythonhosted.org/packages/64/63/6a04ca7a8b7f34811cada43ed6119736a7f4a07c5e1cbd8eec0e0f4962d5/mypy-1.1.1-cp311-cp311-musllinux_1_1_x86_64.whl", hash = "sha256:d809f88734f44a0d44959d795b1e6f64b2bbe0ea4d9cc4776aa588bb4229fc1c"},
    {url = "https://files.pythonhosted.org/packages/65/cc/ae5032abc06949e7a8c68f9885883fdb745c96bcf137cd4fa7225d50b647/mypy-1.1.1-cp38-cp38-win_amd64.whl", hash = "sha256:2888ce4fe5aae5a673386fa232473014056967f3904f5abfcf6367b5af1f612a"},
    {url = "https://files.pythonhosted.org/packages/67/d3/1323311369eae97da4c7f47f266c55f7bdc22e74e4e2e1691be511ab8a91/mypy-1.1.1-cp39-cp39-win_amd64.whl", hash = "sha256:69b35d1dcb5707382810765ed34da9db47e7f95b3528334a3c999b0c90fe523f"},
    {url = "https://files.pythonhosted.org/packages/7e/32/1b161731d19580c55d3d7c04b8ace80dc7cf42d852adf750f348a485068f/mypy-1.1.1-cp37-cp37m-macosx_10_9_x86_64.whl", hash = "sha256:b7c7b708fe9a871a96626d61912e3f4ddd365bf7f39128362bc50cbd74a634d5"},
    {url = "https://files.pythonhosted.org/packages/8a/fd/b610256224e01da4c4f315d11f62d39d815e97439a58d49d60aa4f55a60b/mypy-1.1.1-cp310-cp310-macosx_11_0_arm64.whl", hash = "sha256:61bf08362e93b6b12fad3eab68c4ea903a077b87c90ac06c11e3d7a09b56b9c1"},
    {url = "https://files.pythonhosted.org/packages/8c/3d/a8d518bb06952484ada20897878a7a14741536f43514dcfecfac0676aa01/mypy-1.1.1-cp37-cp37m-manylinux_2_17_x86_64.manylinux2014_x86_64.whl", hash = "sha256:c1c10fa12df1232c936830839e2e935d090fc9ee315744ac33b8a32216b93707"},
    {url = "https://files.pythonhosted.org/packages/91/63/55d0e62829f739f47978f1d8eb965ca8c40261841e47491ad297c84921c5/mypy-1.1.1-cp310-cp310-win_amd64.whl", hash = "sha256:5cb14ff9919b7df3538590fc4d4c49a0f84392237cbf5f7a816b4161c061829e"},
    {url = "https://files.pythonhosted.org/packages/a4/0b/3a30f50287e42a4230320fa2eac25eb3017d38a7c31f083d407ab627607c/mypy-1.1.1-py3-none-any.whl", hash = "sha256:4e4e8b362cdf99ba00c2b218036002bdcdf1e0de085cdb296a49df03fb31dfc4"},
    {url = "https://files.pythonhosted.org/packages/b8/06/3d72d1b316ceec347874c4285fad8bf17e3fb21bb7848c1a942df239e44a/mypy-1.1.1-cp38-cp38-macosx_10_9_x86_64.whl", hash = "sha256:d64c28e03ce40d5303450f547e07418c64c241669ab20610f273c9e6290b4b0b"},
    {url = "https://files.pythonhosted.org/packages/b8/72/385f3aeaaf262325454ac7f569eb81ac623464871df23d9778c864d04c6c/mypy-1.1.1-cp39-cp39-macosx_10_9_x86_64.whl", hash = "sha256:19ba15f9627a5723e522d007fe708007bae52b93faab00f95d72f03e1afa9598"},
    {url = "https://files.pythonhosted.org/packages/b9/e5/71eef5239219ee2f4d85e2ca6368d736705a3b874023b57f7237b977839c/mypy-1.1.1-cp311-cp311-macosx_11_0_arm64.whl", hash = "sha256:5b5f81b40d94c785f288948c16e1f2da37203c6006546c5d947aab6f90aefef2"},
    {url = "https://files.pythonhosted.org/packages/be/d5/5588a2ee0d77189626a57b555b6b006dda6d5b0083f16c6be0c2d761cd7b/mypy-1.1.1-cp39-cp39-musllinux_1_1_x86_64.whl", hash = "sha256:4b398d8b1f4fba0e3c6463e02f8ad3346f71956b92287af22c9b12c3ec965a9f"},
    {url = "https://files.pythonhosted.org/packages/bf/2d/45a526f248719ee32ecf1261564247a2e717a9c6167de5eb67d53599c4df/mypy-1.1.1-cp311-cp311-manylinux_2_17_x86_64.manylinux2014_x86_64.whl", hash = "sha256:21b437be1c02712a605591e1ed1d858aba681757a1e55fe678a15c2244cd68a5"},
    {url = "https://files.pythonhosted.org/packages/c0/d6/17ba6f8749722b8f61c6ab680769658f0bc63c293556149e2bf400b1f1a2/mypy-1.1.1-cp310-cp310-musllinux_1_1_x86_64.whl", hash = "sha256:315ac73cc1cce4771c27d426b7ea558fb4e2836f89cb0296cbe056894e3a1f78"},
    {url = "https://files.pythonhosted.org/packages/d3/35/a0892864f1c128dc6449ee69897f9db7a64de2c16f41c14640dd22251b1b/mypy-1.1.1-cp37-cp37m-musllinux_1_1_x86_64.whl", hash = "sha256:0a28a76785bf57655a8ea5eb0540a15b0e781c807b5aa798bd463779988fa1d5"},
    {url = "https://files.pythonhosted.org/packages/d9/ab/d6d3884c3f432898458e2ade712988a7d1da562c1a363f2003b31677acd8/mypy-1.1.1-cp311-cp311-macosx_10_9_x86_64.whl", hash = "sha256:26cdd6a22b9b40b2fd71881a8a4f34b4d7914c679f154f43385ca878a8297389"},
    {url = "https://files.pythonhosted.org/packages/e1/a6/331cff5f7476904a2ebe6ed7cee2310b6be583ff6d45609ea0e0d67fd39d/mypy-1.1.1-cp38-cp38-macosx_11_0_arm64.whl", hash = "sha256:64cc3afb3e9e71a79d06e3ed24bb508a6d66f782aff7e56f628bf35ba2e0ba51"},
    {url = "https://files.pythonhosted.org/packages/ed/89/85a04f32135fe4e35fd59d47100c939c7425fcb29868894c4b7a6171e065/mypy-1.1.1-cp311-cp311-win_amd64.whl", hash = "sha256:a380c041db500e1410bb5b16b3c1c35e61e773a5c3517926b81dfdab7582be54"},
    {url = "https://files.pythonhosted.org/packages/f5/35/da01ef5831ceaf99a673e018d06ff1622ec460e4164b5e900ddaeceb52e1/mypy-1.1.1-cp37-cp37m-win_amd64.whl", hash = "sha256:ef6a01e563ec6a4940784c574d33f6ac1943864634517984471642908b30b6f7"},
    {url = "https://files.pythonhosted.org/packages/f6/57/93e676773f91141127329a56e2238eac506a78f6fb0ae0650a53fcc1355d/mypy-1.1.1-cp38-cp38-musllinux_1_1_x86_64.whl", hash = "sha256:2b0c373d071593deefbcdd87ec8db91ea13bd8f1328d44947e88beae21e8d5e9"},
]
"mypy-extensions 1.0.0" = [
    {url = "https://files.pythonhosted.org/packages/2a/e2/5d3f6ada4297caebe1a2add3b126fe800c96f56dbe5d1988a2cbe0b267aa/mypy_extensions-1.0.0-py3-none-any.whl", hash = "sha256:4392f6c0eb8a5668a69e23d168ffa70f0be9ccfd32b5cc2d26a34ae5b844552d"},
    {url = "https://files.pythonhosted.org/packages/98/a4/1ab47638b92648243faf97a5aeb6ea83059cc3624972ab6b8d2316078d3f/mypy_extensions-1.0.0.tar.gz", hash = "sha256:75dbf8955dc00442a438fc4d0666508a9a97b6bd41aa2f0ffe9d2f2725af0782"},
]
"pyside6 6.5.0" = [
    {url = "https://files.pythonhosted.org/packages/4c/c4/4c4aec980b2d11c911721278813a8cab8631e713b7d469e68bba346e8ed5/PySide6-6.5.0-cp37-abi3-win_amd64.whl", hash = "sha256:13e8e96aa7a89840575505f50b9635e6450bf413ff46288d1085b3a9f8b225c1"},
    {url = "https://files.pythonhosted.org/packages/61/c1/37fabc94f958a03a605755ee1298d9f7d9f5d121f3d1ea2d480f79fc3d6c/PySide6-6.5.0-cp37-abi3-manylinux_2_28_x86_64.whl", hash = "sha256:5102c57841b15facb0aeca1f23d689ebc528a609bf5fb907f1ef2747f6415001"},
    {url = "https://files.pythonhosted.org/packages/6c/43/ddc1f4edceaa8a4a816b5abfe2f20e49150359117d8e6f9b0947ece9f9d5/PySide6-6.5.0-cp37-abi3-macosx_10_9_universal2.whl", hash = "sha256:cb059a0f3d4b763451a1e8dec440784dff1728e9ace6cb81c541cc1354c5f3dc"},
    {url = "https://files.pythonhosted.org/packages/91/0e/bc3c8e2b88ce88912a56b36b1100458c060adf8d8c5d55b37a456d393b4a/PySide6-6.5.0-pp39-pypy39_pp73-manylinux_2_28_x86_64.whl", hash = "sha256:c1c7244a4e83b3a4ea965f4a85776ebc64fa3c9b4af77ad70b22e64ccec3d451"},
    {url = "https://files.pythonhosted.org/packages/95/86/3f4c9a581c349aac94cd7ac4b93080e82247d80089796aa07c31088884d0/PySide6-6.5.0-pp39-pypy39_pp73-macosx_10_9_universal2.whl", hash = "sha256:f30e1d0319ea4d2ddac654c58377079a40f38c4cac7b6fd631902f91190c1fc8"},
    {url = "https://files.pythonhosted.org/packages/d0/1f/604586186a0b3c4972969c5c6e4f977ad5ab4810140c3048921042dcae60/PySide6-6.5.0-pp39-pypy39_pp73-win_amd64.whl", hash = "sha256:7242fe09aaeb3399152fa1c6c25098b93df945620a4bd81a37de0ecb2f64fd5d"},
]
"pyside6-addons 6.5.0" = [
    {url = "https://files.pythonhosted.org/packages/6e/cf/c5baeb73e3ca1ef29410f9a09bac9f7f507d8eaa864d0fb02162af0fff98/PySide6_Addons-6.5.0-pp39-pypy39_pp73-manylinux_2_28_x86_64.whl", hash = "sha256:9ed197a05f1c279d1589d8535040fe5e21b92fa19933e38de962050cb58f6c05"},
    {url = "https://files.pythonhosted.org/packages/96/df/28d29fe32fc0f28f95d8b1e209c89f3cbbc7f3b68901368ffbe4f49e38c1/PySide6_Addons-6.5.0-cp37-abi3-manylinux_2_28_x86_64.whl", hash = "sha256:29551ca63a1cbc0fcd17fa9e477282857e2c66c3a55fdb9754b75519d5adf89a"},
    {url = "https://files.pythonhosted.org/packages/b1/f3/ad87c83d248f86625b9fd0611be15dd18b9c05ae5f41ec8f8d395fc2d015/PySide6_Addons-6.5.0-cp37-abi3-macosx_10_9_universal2.whl", hash = "sha256:d29e84d0b54c5fdeb6cc405d537788a648da975cc58e37f0df3a17cd11a67f1d"},
    {url = "https://files.pythonhosted.org/packages/c6/5d/10c180c3a7285c9dd4ec1707e9647eec50d36bfb22eb5a578055367abe53/PySide6_Addons-6.5.0-pp39-pypy39_pp73-macosx_10_9_universal2.whl", hash = "sha256:fd5bc46cfffac7afa2f76c3dc6cb6f567a0ad1276d8177797c1bc152aec50f35"},
    {url = "https://files.pythonhosted.org/packages/c6/93/a18666f08003601a6568c32b220875aa1194dd9204cb2435e91e1168d707/PySide6_Addons-6.5.0-cp37-abi3-win_amd64.whl", hash = "sha256:db7a6117c3f944b4827204ed7f346030fc10c602521f278310a78021567df28f"},
    {url = "https://files.pythonhosted.org/packages/d3/76/2693cbfb76509d3b0d9935310bcf9bdf727bd1b8fb8886534d18293ebca5/PySide6_Addons-6.5.0-pp39-pypy39_pp73-win_amd64.whl", hash = "sha256:1a9545df3e77c656a3708eaa3584d98ff41720c7dadf344d5126d66e83d0ab5a"},
]
"pyside6-essentials 6.5.0" = [
    {url = "https://files.pythonhosted.org/packages/02/0e/bf470e52b6bd36c4ccd76b88d51521599c5c19ec3c186da7c1a02157ab6b/PySide6_Essentials-6.5.0-pp39-pypy39_pp73-manylinux_2_28_x86_64.whl", hash = "sha256:0287ec94ee1923d430bb20836bc649a5c76a59281245de469d7f759cc73c5ea7"},
    {url = "https://files.pythonhosted.org/packages/4f/1b/1fee5a3e26c7ed24240f943e9ce06b1be029da6af0dd64d3d55b7c9a899c/PySide6_Essentials-6.5.0-cp37-abi3-macosx_10_9_universal2.whl", hash = "sha256:4517e27fc540d9e645ea12dea82c8b29c042d66aaef46960a125cccdf0079800"},
    {url = "https://files.pythonhosted.org/packages/9d/cd/da6815d1654bf5daf4cd7a0f0dbb316413f29f9ae62d508cebcab4309094/PySide6_Essentials-6.5.0-cp37-abi3-manylinux_2_28_x86_64.whl", hash = "sha256:f00d4f10758cdc3f49f94465ead788ad294dac7d9cc5e1cc0610e97c2bdfc8d7"},
    {url = "https://files.pythonhosted.org/packages/bd/b1/7f7fa338e45c9dec25fde721ca1093006de07eb96fd7cae86211e3505c1a/PySide6_Essentials-6.5.0-pp39-pypy39_pp73-macosx_10_9_universal2.whl", hash = "sha256:58a88a099171c55a7e41e519208c9ca93661d277bb73c5897a2e3f2cbe5248b7"},
    {url = "https://files.pythonhosted.org/packages/f5/9b/55c3bbdbb286bcad81376cd20ff48b7761a98721f97bc1d516f668e3dc3d/PySide6_Essentials-6.5.0-cp37-abi3-win_amd64.whl", hash = "sha256:bc2e0a9dafe383ab965e98b6ddf73f709da3736197dea8eab265fd3e524db993"},
    {url = "https://files.pythonhosted.org/packages/f9/e6/484a6552033dd01ee62a2acd2f8a2269ee43dd5d7ebafa9178abe7507754/PySide6_Essentials-6.5.0-pp39-pypy39_pp73-win_amd64.whl", hash = "sha256:987c2ec04c35481c841de9b25931d2d074eb7d2e591aa5628041b2ca2df96d0e"},
]
"ruff 0.0.260" = [
    {url = "https://files.pythonhosted.org/packages/09/e0/3ba8f02041ac5a1b466364ff96abae4838f4852d56177a079075b35885d6/ruff-0.0.260-py3-none-manylinux_2_17_x86_64.manylinux2014_x86_64.whl", hash = "sha256:57d9f0bfdef739b76aa3112b9182a214f0f34589a2659f88353492c7670fe2fe"},
    {url = "https://files.pythonhosted.org/packages/0e/1a/cde78a0c594a0a07adcc0f5b191587dd28e29524022502b92f0b8c0324bb/ruff-0.0.260-py3-none-manylinux_2_17_i686.manylinux2014_i686.whl", hash = "sha256:1e4fa7293f97c021825b3b72f2bf53f0eb4f59625608a889678c1fc6660f412d"},
    {url = "https://files.pythonhosted.org/packages/14/d3/517080b9623d86aabc550d77cd118cc78156836894832917cf5a6d2ff89f/ruff-0.0.260-py3-none-manylinux_2_17_ppc64.manylinux2014_ppc64.whl", hash = "sha256:8bec0271e2c8cd36bcf915cb9f6a93e40797a3ff3d2cda4ca87b7bed9e598472"},
    {url = "https://files.pythonhosted.org/packages/18/c0/c2c3efcddff1ec814bac21e06b6892e09b7304b710b163605a24002d4215/ruff-0.0.260-py3-none-manylinux_2_17_ppc64le.manylinux2014_ppc64le.whl", hash = "sha256:3e075a61aaff8ebe56172217f0ac14c5df9637b289bf161ac697445a9003d5c2"},
    {url = "https://files.pythonhosted.org/packages/42/b0/dab6b854f45b7709d21cbb9658fb5027a8ad0f594673f16691032be3fe03/ruff-0.0.260.tar.gz", hash = "sha256:ea8f94262f33b81c47ee9d81f455b144e94776f5c925748cb0c561a12206eae1"},
    {url = "https://files.pythonhosted.org/packages/6f/c5/6753f698c20ee047e0ccf37699c428cee27bdd686d66d7b7fbf0d8f64064/ruff-0.0.260-py3-none-win32.whl", hash = "sha256:3866a96b2ef92c7d837ba6bf8fc9dd125a67886f1c5512ad6fa5d5fefaceff87"},
    {url = "https://files.pythonhosted.org/packages/8a/97/9162045353f3c162e32a00a0cc6f8026600daac453939f256e04e9b81bcf/ruff-0.0.260-py3-none-manylinux_2_17_aarch64.manylinux2014_aarch64.whl", hash = "sha256:25584d1b9f445fde72651caab97e7430a4c5bfd2a0ce9af39868753826cba10d"},
    {url = "https://files.pythonhosted.org/packages/90/01/e9b06ec57caa0c36a90ede26b86a8603f4eee61d0da4a2e5f597cc7f5c43/ruff-0.0.260-py3-none-musllinux_1_2_armv7l.whl", hash = "sha256:aae2170a7ec6f7fc4a73db30aa7aa7fce936176bf66bf85f77f69ddd1dd4a665"},
    {url = "https://files.pythonhosted.org/packages/93/54/fad086cfd66eaa611549da82f381a77e752c283e34c3548cd650ac27369e/ruff-0.0.260-py3-none-musllinux_1_2_x86_64.whl", hash = "sha256:6dd705d4eff405c2b70513188fbff520f49db6df91f0d5e8258c5d469efa58bc"},
    {url = "https://files.pythonhosted.org/packages/9e/ba/ad56a4f7c7c9213e62ba50c6d6c24a1a35d184d40620876c8fa6848693e3/ruff-0.0.260-py3-none-macosx_10_9_x86_64.macosx_11_0_arm64.macosx_10_9_universal2.whl", hash = "sha256:90ff1479e292a84c388a8a035d223247ddeea5f6760752a9142b88b6d59ac334"},
    {url = "https://files.pythonhosted.org/packages/a2/5d/261b7a1d795fe097c4b11dcd8336acce43ac4a3e73f0f7f86cc609fd8745/ruff-0.0.260-py3-none-musllinux_1_2_i686.whl", hash = "sha256:5f847b72ef994ab88e9da250c7eb5cbb3f1555b92a9f22c5ed1c27a44b7e98d6"},
    {url = "https://files.pythonhosted.org/packages/a3/89/78e78b2af514c2960a684a0b1deb4b8b21368541b7c82e18a2599002a443/ruff-0.0.260-py3-none-win_arm64.whl", hash = "sha256:12542a26f189a5a10c719bfa14d415d0511ac05e5c9ff5e79cc9d5cc50b81bc8"},
    {url = "https://files.pythonhosted.org/packages/b6/f2/d996c980b9eeb644d312376bf00e4831a04720f3bfd6fa3c474dc536a416/ruff-0.0.260-py3-none-manylinux_2_17_s390x.manylinux2014_s390x.whl", hash = "sha256:f8678f54eb2696481618902a10c3cb28325f3323799af99997ad6f06005ea4f5"},
    {url = "https://files.pythonhosted.org/packages/b9/f9/1b355d585b971a77687d6dc2cd680e7e5af66394a8c75a25ac73d8dd3243/ruff-0.0.260-py3-none-win_amd64.whl", hash = "sha256:0733d524946decbd4f1e63f7dc26820f5c1e6c31da529ba20fb995057f8e79b1"},
    {url = "https://files.pythonhosted.org/packages/c1/3e/cb041a9d5bd90173e8050c2740bde3080388604ea60b8e66348f52e6a72d/ruff-0.0.260-py3-none-macosx_10_7_x86_64.whl", hash = "sha256:c559650b623f3fbdc39c7ed1bcb064765c666a53ee738c53d1461afbf3f23db2"},
    {url = "https://files.pythonhosted.org/packages/fc/ca/1c9fe9d576405cf5883c041c7693f2c8de828a7aa1b5dd80ea473f85b9bc/ruff-0.0.260-py3-none-musllinux_1_2_aarch64.whl", hash = "sha256:3ec1f77219ba5adaa194289cb82ba924ff2ed931fd00b8541d66a1724c89fbc9"},
    {url = "https://files.pythonhosted.org/packages/fe/ab/aa9d7d785b1bcc9e34cfe85e27a2e21a508bfce447856f876d6c3ccb294d/ruff-0.0.260-py3-none-manylinux_2_17_armv7l.manylinux2014_armv7l.whl", hash = "sha256:8032e35357384a29791c75194a71e314031171eb0731fcaa872dfaf4c1f4470a"},
]
"shiboken6 6.5.0" = [
    {url = "https://files.pythonhosted.org/packages/05/f8/743a0a67ab81665788180689e0eebd32ac521c56ad003386b3de36f41e4e/shiboken6-6.5.0-cp37-abi3-manylinux_2_28_x86_64.whl", hash = "sha256:46ff977f96c9d45dba3c3a313628356fd40e4423bb65bf2d9870b73396fad8be"},
    {url = "https://files.pythonhosted.org/packages/5c/a2/7e3e7e0878e46fa2826d3b84ff2dee047510423f32ee301b2a5d233ca39c/shiboken6-6.5.0-cp37-abi3-macosx_10_9_universal2.whl", hash = "sha256:2d7fe6534a51ec9c96b82fc6275cf75e85ab29276a9778aed756465f81adf0c1"},
    {url = "https://files.pythonhosted.org/packages/af/1e/b3d574560a5c71372afc74b5321fbbd6bd76f916cc697c8edbe7a92329a6/shiboken6-6.5.0-pp39-pypy39_pp73-win_amd64.whl", hash = "sha256:1bba668221a5cf40186cea93ced018cf788d7476d50968a3f073ebbe41ce712d"},
    {url = "https://files.pythonhosted.org/packages/ca/f3/f64e782eefa9b039112fddf074ed5d4ea8af5ef358ee53cee69a9d997f17/shiboken6-6.5.0-pp39-pypy39_pp73-manylinux_2_28_x86_64.whl", hash = "sha256:72888ebc5ef7295df27197c0af726bd6731e2a883b346e448e2c740b3e34bc2f"},
    {url = "https://files.pythonhosted.org/packages/e9/7b/0ebc1b51e02eb600167fa60a3c016d1e097dc5f0e076ed129ceb5678fb1c/shiboken6-6.5.0-cp37-abi3-win_amd64.whl", hash = "sha256:aee9708517821aaef547c83d689bf524d6f217d47232cb313d9af9e630215eed"},
    {url = "https://files.pythonhosted.org/packages/f5/a5/a717493598057f38ce385346538429b418f040ab3d0b00ba8e561a164e12/shiboken6-6.5.0-pp39-pypy39_pp73-macosx_10_9_universal2.whl", hash = "sha256:6e2874ea013d4cea7819935977bffa4c634ebcaabcb5287798df9f0c2f10c4c0"},
]
"tomli 2.0.1" = [
    {url = "https://files.pythonhosted.org/packages/97/75/10a9ebee3fd790d20926a90a2547f0bf78f371b2f13aa822c759680ca7b9/tomli-2.0.1-py3-none-any.whl", hash = "sha256:939de3e7a6161af0c887ef91b7d41a53e7c5a1ca976325f429cb46ea9bc30ecc"},
    {url = "https://files.pythonhosted.org/packages/c0/3f/d7af728f075fb08564c5949a9c95e44352e23dee646869fa104a3b2060a3/tomli-2.0.1.tar.gz", hash = "sha256:de526c12914f0c550d15924c62d72abc48d6fe7364aa87328337a31007fe8a4f"},
]
"typing-extensions 4.5.0" = [
    {url = "https://files.pythonhosted.org/packages/31/25/5abcd82372d3d4a3932e1fa8c3dbf9efac10cc7c0d16e78467460571b404/typing_extensions-4.5.0-py3-none-any.whl", hash = "sha256:fb33085c39dd998ac16d1431ebc293a8b3eedd00fd4a32de0ff79002c19511b4"},
    {url = "https://files.pythonhosted.org/packages/d3/20/06270dac7316220643c32ae61694e451c98f8caf4c8eab3aa80a2bedf0df/typing_extensions-4.5.0.tar.gz", hash = "sha256:5cb5f4a79139d699607b3ef622a1dedafa84e115ab0024e0d9c044a9479ca7cb"},
]
